
Microsoft Visual Studio Solution File, Format Version 12.00
# Visual Studio Version 17
Project("{8BC9CEB8-8B4A-11D0-8D11-00A0C91BC942}") = "ALL_BUILD", "ALL_BUILD.vcxproj", "{A96023D9-7110-3D75-AB51-8716AF1A8A0A}"
	ProjectSection(ProjectDependencies) = postProject
		{9C0EE702-D2D9-333E-807C-F72D27A781B8} = {9C0EE702-D2D9-333E-807C-F72D27A781B8}
		{E701623C-802F-3941-B2AD-7AE866C2204A} = {E701623C-802F-3941-B2AD-7AE866C2204A}
	EndProjectSection
EndProject
Project("{8BC9CEB8-8B4A-11D0-8D11-00A0C91BC942}") = "ZERO_CHECK", "ZERO_CHECK.vcxproj", "{9C0EE702-D2D9-333E-807C-F72D27A781B8}"
	ProjectSection(ProjectDependencies) = postProject
	EndProjectSection
EndProject
Project("{8BC9CEB8-8B4A-11D0-8D11-00A0C91BC942}") = "dils", "dils.vcxproj", "{E701623C-802F-3941-B2AD-7AE866C2204A}"
	ProjectSection(ProjectDependencies) = postProject
		{9C0EE702-D2D9-333E-807C-F72D27A781B8} = {9C0EE702-D2D9-333E-807C-F72D27A781B8}
	EndProjectSection
EndProject
Global
	GlobalSection(SolutionConfigurationPlatforms) = preSolution
		Debug|x64 = Debug|x64
		Release|x64 = Release|x64
		MinSizeRel|x64 = MinSizeRel|x64
		RelWithDebInfo|x64 = RelWithDebInfo|x64
	EndGlobalSection
	GlobalSection(ProjectConfigurationPlatforms) = postSolution
		{A96023D9-7110-3D75-AB51-8716AF1A8A0A}.Debug|x64.ActiveCfg = Debug|x64
		{A96023D9-7110-3D75-AB51-8716AF1A8A0A}.Release|x64.ActiveCfg = Release|x64
		{A96023D9-7110-3D75-AB51-8716AF1A8A0A}.MinSizeRel|x64.ActiveCfg = MinSizeRel|x64
		{A96023D9-7110-3D75-AB51-8716AF1A8A0A}.RelWithDebInfo|x64.ActiveCfg = RelWithDebInfo|x64
		{9C0EE702-D2D9-333E-807C-F72D27A781B8}.Debug|x64.ActiveCfg = Debug|x64
		{9C0EE702-D2D9-333E-807C-F72D27A781B8}.Debug|x64.Build.0 = Debug|x64
		{9C0EE702-D2D9-333E-807C-F72D27A781B8}.Release|x64.ActiveCfg = Release|x64
		{9C0EE702-D2D9-333E-807C-F72D27A781B8}.Release|x64.Build.0 = Release|x64
		{9C0EE702-D2D9-333E-807C-F72D27A781B8}.MinSizeRel|x64.ActiveCfg = MinSizeRel|x64
		{9C0EE702-D2D9-333E-807C-F72D27A781B8}.MinSizeRel|x64.Build.0 = MinSizeRel|x64
		{9C0EE702-D2D9-333E-807C-F72D27A781B8}.RelWithDebInfo|x64.ActiveCfg = RelWithDebInfo|x64
		{9C0EE702-D2D9-333E-807C-F72D27A781B8}.RelWithDebInfo|x64.Build.0 = RelWithDebInfo|x64
		{E701623C-802F-3941-B2AD-7AE866C2204A}.Debug|x64.ActiveCfg = Debug|x64
		{E701623C-802F-3941-B2AD-7AE866C2204A}.Debug|x64.Build.0 = Debug|x64
		{E701623C-802F-3941-B2AD-7AE866C2204A}.Release|x64.ActiveCfg = Release|x64
		{E701623C-802F-3941-B2AD-7AE866C2204A}.Release|x64.Build.0 = Release|x64
		{E701623C-802F-3941-B2AD-7AE866C2204A}.MinSizeRel|x64.ActiveCfg = MinSizeRel|x64
		{E701623C-802F-3941-B2AD-7AE866C2204A}.MinSizeRel|x64.Build.0 = MinSizeRel|x64
		{E701623C-802F-3941-B2AD-7AE866C2204A}.RelWithDebInfo|x64.ActiveCfg = RelWithDebInfo|x64
		{E701623C-802F-3941-B2AD-7AE866C2204A}.RelWithDebInfo|x64.Build.0 = RelWithDebInfo|x64
	EndGlobalSection
	GlobalSection(ExtensibilityGlobals) = postSolution
		SolutionGuid = {08B45FDB-0B0D-340F-A155-ED6C62C07E2F}
	EndGlobalSection
	GlobalSection(ExtensibilityAddIns) = postSolution
	EndGlobalSection
EndGlobal
